
Microsoft Visual Studio Solution File, Format Version 12.00
# Visual Studio Version 16
VisualStudioVersion = 16.0.29503.13
MinimumVisualStudioVersion = 10.0.40219.1
Project("{FAE04EC0-301F-11D3-BF4B-00C04F79EFBC}") = "BeamShapeExplorer", "BeamShapeExplorer\BeamShapeExplorer.csproj", "{2D78617A-1C97-4097-B1B6-B746FCEF705E}"
EndProject
Global
	GlobalSection(SolutionConfigurationPlatforms) = preSolution
		Debug|Any CPU = Debug|Any CPU
		Release|Any CPU = Release|Any CPU
	EndGlobalSection
	GlobalSection(ProjectConfigurationPlatforms) = postSolution
		{2D78617A-1C97-4097-B1B6-B746FCEF705E}.Debug|Any CPU.ActiveCfg = Debug|Any CPU
		{2D78617A-1C97-4097-B1B6-B746FCEF705E}.Debug|Any CPU.Build.0 = Debug|Any CPU
		{2D78617A-1C97-4097-B1B6-B746FCEF705E}.Release|Any CPU.ActiveCfg = Release|Any CPU
		{2D78617A-1C97-4097-B1B6-B746FCEF705E}.Release|Any CPU.Build.0 = Release|Any CPU
	EndGlobalSection
	GlobalSection(SolutionProperties) = preSolution
		HideSolutionNode = FALSE
	EndGlobalSection
	GlobalSection(ExtensibilityGlobals) = postSolution
		SolutionGuid = {A17AFE51-8F7C-4694-BAC4-EC85F4F8317F}
	EndGlobalSection
EndGlobal
